// !$*UTF8*$!
{
	archiveVersion = 1;
	classes = {
	};
	objectVersion = 56;
	objects = {

/* Begin PBXBuildFile section */
		935EDB542EF07486003A1E96 /* ItemDetailsCardComponent.swift in Sources */ = {isa = PBXBuildFile; fileRef = 935EDB532EF07486003A1E96 /* ItemDetailsCardComponent.swift */; };
		935EDB562EF09160003A1E96 /* SingleIconActionCategoryComponent.swift in Sources */ = {isa = PBXBuildFile; fileRef = 935EDB552EF09160003A1E96 /* SingleIconActionCategoryComponent.swift */; };
		935EDB582EF0B944003A1E96 /* SearchView.swift in Sources */ = {isa = PBXBuildFile; fileRef = 935EDB572EF0B944003A1E96 /* SearchView.swift */; };
		935EDB5C2EF0B956003A1E96 /* HistoryView.swift in Sources */ = {isa = PBXBuildFile; fileRef = 935EDB5B2EF0B956003A1E96 /* HistoryView.swift */; };
		935EDB5E2EF0B95E003A1E96 /* StatView.swift in Sources */ = {isa = PBXBuildFile; fileRef = 935EDB5D2EF0B95E003A1E96 /* StatView.swift */; };
		935EDB602EF0B9AE003A1E96 /* TabComponentEnum.swift in Sources */ = {isa = PBXBuildFile; fileRef = 935EDB5F2EF0B9AE003A1E96 /* TabComponentEnum.swift */; };
		935EDB622EF0BA23003A1E96 /* FavoritesView.swift in Sources */ = {isa = PBXBuildFile; fileRef = 935EDB612EF0BA23003A1E96 /* FavoritesView.swift */; };
		935EDB642EF0BC1B003A1E96 /* TabBarNavigationComponent.swift in Sources */ = {isa = PBXBuildFile; fileRef = 935EDB632EF0BC1B003A1E96 /* TabBarNavigationComponent.swift */; };
		935EDB662EF0C244003A1E96 /* RootTabView.swift in Sources */ = {isa = PBXBuildFile; fileRef = 935EDB652EF0C244003A1E96 /* RootTabView.swift */; };
		936B96052EF3F909004B493F /* AboutAppView.swift in Sources */ = {isa = PBXBuildFile; fileRef = 936B96042EF3F909004B493F /* AboutAppView.swift */; };
		93AAD3082EF1AE4200C1CC23 /* CoreDataSearchEntityVM.swift in Sources */ = {isa = PBXBuildFile; fileRef = 93AAD3072EF1AE4200C1CC23 /* CoreDataSearchEntityVM.swift */; };
		93AAD30A2EF1E55700C1CC23 /* SearchResultView.swift in Sources */ = {isa = PBXBuildFile; fileRef = 93AAD3092EF1E55700C1CC23 /* SearchResultView.swift */; };
		93AAD30C2EF1FA7D00C1CC23 /* SearchVM.swift in Sources */ = {isa = PBXBuildFile; fileRef = 93AAD30B2EF1FA7D00C1CC23 /* SearchVM.swift */; };
		93B4D6E22EF4641B001A89B6 /* ExportUtility.swift in Sources */ = {isa = PBXBuildFile; fileRef = 93B4D6E12EF4641B001A89B6 /* ExportUtility.swift */; };
		93CD1C102EF414CF0000602F /* StoreKit.framework in Frameworks */ = {isa = PBXBuildFile; fileRef = 93CD1C0F2EF414CF0000602F /* StoreKit.framework */; };
		93CD1C122EF415380000602F /* StoreKitConfigurationFile.storekit in Resources */ = {isa = PBXBuildFile; fileRef = 93CD1C112EF415380000602F /* StoreKitConfigurationFile.storekit */; };
		93CD1C142EF423740000602F /* PaywallComponent.swift in Sources */ = {isa = PBXBuildFile; fileRef = 93CD1C132EF423740000602F /* PaywallComponent.swift */; };
		93CD1C162EF42D790000602F /* IAPManager.swift in Sources */ = {isa = PBXBuildFile; fileRef = 93CD1C152EF42D790000602F /* IAPManager.swift */; };
		93D1D8062EF31F77007C2893 /* CoreDataJournalVM.swift in Sources */ = {isa = PBXBuildFile; fileRef = 93D1D8052EF31F77007C2893 /* CoreDataJournalVM.swift */; };
		D510E59E2EEB34E100550779 /* SettingsView.swift in Sources */ = {isa = PBXBuildFile; fileRef = D510E59D2EEB34E100550779 /* SettingsView.swift */; };
		D510E5A02EEB398F00550779 /* TopBarNavigationComponent.swift in Sources */ = {isa = PBXBuildFile; fileRef = D510E59F2EEB398F00550779 /* TopBarNavigationComponent.swift */; };
		D510E5A42EEB3AAF00550779 /* DancingScript-Medium.ttf in Resources */ = {isa = PBXBuildFile; fileRef = D510E5A22EEB3AAF00550779 /* DancingScript-Medium.ttf */; };
		D510E5A52EEB3AAF00550779 /* DancingScript-Regular.ttf in Resources */ = {isa = PBXBuildFile; fileRef = D510E5A32EEB3AAF00550779 /* DancingScript-Regular.ttf */; };
		D510E5AB2EEB3AF500550779 /* JosefinSans-Regular.ttf in Resources */ = {isa = PBXBuildFile; fileRef = D510E5A62EEB3AF400550779 /* JosefinSans-Regular.ttf */; };
		D510E5AC2EEB3AF500550779 /* JosefinSans-Medium.ttf in Resources */ = {isa = PBXBuildFile; fileRef = D510E5A72EEB3AF400550779 /* JosefinSans-Medium.ttf */; };
		D510E5AD2EEB3AF500550779 /* JosefinSans-Light.ttf in Resources */ = {isa = PBXBuildFile; fileRef = D510E5A82EEB3AF500550779 /* JosefinSans-Light.ttf */; };
		D510E5AE2EEB3AF500550779 /* JosefinSans-Bold.ttf in Resources */ = {isa = PBXBuildFile; fileRef = D510E5A92EEB3AF500550779 /* JosefinSans-Bold.ttf */; };
		D510E5AF2EEB3AF500550779 /* JosefinSans-SemiBold.ttf in Resources */ = {isa = PBXBuildFile; fileRef = D510E5AA2EEB3AF500550779 /* JosefinSans-SemiBold.ttf */; };
		D510E5B22EEB3BEE00550779 /* FontEnum.swift in Sources */ = {isa = PBXBuildFile; fileRef = D510E5B12EEB3BEE00550779 /* FontEnum.swift */; };
		D510E5B42EEB414E00550779 /* DailyCategoryRecomendationComponent.swift in Sources */ = {isa = PBXBuildFile; fileRef = D510E5B32EEB414E00550779 /* DailyCategoryRecomendationComponent.swift */; };
		D510E5B62EEB421500550779 /* DailyRecomendationsVM.swift in Sources */ = {isa = PBXBuildFile; fileRef = D510E5B52EEB421500550779 /* DailyRecomendationsVM.swift */; };
		D53383082EEC388F001FAE2A /* RecomendedTodayComponent.swift in Sources */ = {isa = PBXBuildFile; fileRef = D53383072EEC388F001FAE2A /* RecomendedTodayComponent.swift */; };
		D54A62302EEC87D7000C902A /* journey_data.json in Resources */ = {isa = PBXBuildFile; fileRef = D54A622F2EEC87D7000C902A /* journey_data.json */; };
		D54A62322EECA664000C902A /* DoubleRowCardComponent.swift in Sources */ = {isa = PBXBuildFile; fileRef = D54A62312EECA664000C902A /* DoubleRowCardComponent.swift */; };
		D54A62352EECA6DF000C902A /* CoreDataSettings.swift in Sources */ = {isa = PBXBuildFile; fileRef = D54A62342EECA6DF000C902A /* CoreDataSettings.swift */; };
		D54A62372EECA740000C902A /* CoreDataUserProgressVM.swift in Sources */ = {isa = PBXBuildFile; fileRef = D54A62362EECA740000C902A /* CoreDataUserProgressVM.swift */; };
		D54A62392EECAC5A000C902A /* JosefinSans-Italic.ttf in Resources */ = {isa = PBXBuildFile; fileRef = D54A62382EECAC59000C902A /* JosefinSans-Italic.ttf */; };
		D54A623B2EECB870000C902A /* SingleRowCardComponent.swift in Sources */ = {isa = PBXBuildFile; fileRef = D54A623A2EECB870000C902A /* SingleRowCardComponent.swift */; };
		D57D06A52EEC670100D5DA67 /* JourneyDataLoader.swift in Sources */ = {isa = PBXBuildFile; fileRef = D57D06A42EEC670100D5DA67 /* JourneyDataLoader.swift */; };
		D5A4B1D32EE9B3A70063B0AB /* CaBoAppApp.swift in Sources */ = {isa = PBXBuildFile; fileRef = D5A4B1D22EE9B3A70063B0AB /* CaBoAppApp.swift */; };
		D5A4B1D72EE9B3A80063B0AB /* Assets.xcassets in Resources */ = {isa = PBXBuildFile; fileRef = D5A4B1D62EE9B3A80063B0AB /* Assets.xcassets */; };
		D5A4B1DA2EE9B3A80063B0AB /* Preview Assets.xcassets in Resources */ = {isa = PBXBuildFile; fileRef = D5A4B1D92EE9B3A80063B0AB /* Preview Assets.xcassets */; };
		D5A4B1DF2EE9B3A80063B0AB /* CaBoApp.xcdatamodeld in Sources */ = {isa = PBXBuildFile; fileRef = D5A4B1DD2EE9B3A80063B0AB /* CaBoApp.xcdatamodeld */; };
		D5A4B1E82EE9B6830063B0AB /* PreloaderView.swift in Sources */ = {isa = PBXBuildFile; fileRef = D5A4B1E72EE9B6830063B0AB /* PreloaderView.swift */; };
		D5A4B1EA2EE9B7450063B0AB /* OnboardingView.swift in Sources */ = {isa = PBXBuildFile; fileRef = D5A4B1E92EE9B7450063B0AB /* OnboardingView.swift */; };
		D5A4B1EC2EE9B74E0063B0AB /* MainScreenView.swift in Sources */ = {isa = PBXBuildFile; fileRef = D5A4B1EB2EE9B74E0063B0AB /* MainScreenView.swift */; };
		D5A4B1F02EE9B7D00063B0AB /* OnboardingEnum.swift in Sources */ = {isa = PBXBuildFile; fileRef = D5A4B1EF2EE9B7D00063B0AB /* OnboardingEnum.swift */; };
		D5AD14D92EE9BDFD00C7A261 /* LinearGradientEnum.swift in Sources */ = {isa = PBXBuildFile; fileRef = D5AD14D82EE9BDFD00C7A261 /* LinearGradientEnum.swift */; };
		D5AD14DB2EE9C38700C7A261 /* ColorEnum.swift in Sources */ = {isa = PBXBuildFile; fileRef = D5AD14DA2EE9C38700C7A261 /* ColorEnum.swift */; };
		D5AD14DD2EE9D37C00C7A261 /* IconEnum.swift in Sources */ = {isa = PBXBuildFile; fileRef = D5AD14DC2EE9D37C00C7A261 /* IconEnum.swift */; };
		D5AD14E02EE9DDBF00C7A261 /* LayoutExtension.swift in Sources */ = {isa = PBXBuildFile; fileRef = D5AD14DF2EE9DDBF00C7A261 /* LayoutExtension.swift */; };
		D5C411D22EEACD6400DDB8C5 /* CocktailModel.swift in Sources */ = {isa = PBXBuildFile; fileRef = D5C411D12EEACD6400DDB8C5 /* CocktailModel.swift */; };
		D5C411D42EEACEDB00DDB8C5 /* MoodEnum.swift in Sources */ = {isa = PBXBuildFile; fileRef = D5C411D32EEACEDB00DDB8C5 /* MoodEnum.swift */; };
		D5C411D62EEACEFB00DDB8C5 /* DifficultyEnum.swift in Sources */ = {isa = PBXBuildFile; fileRef = D5C411D52EEACEFB00DDB8C5 /* DifficultyEnum.swift */; };
		D5C411D82EEACF3F00DDB8C5 /* TimeForSessionEnum.swift in Sources */ = {isa = PBXBuildFile; fileRef = D5C411D72EEACF3F00DDB8C5 /* TimeForSessionEnum.swift */; };
		D5C411DA2EEACFF200DDB8C5 /* CategoryEnum.swift in Sources */ = {isa = PBXBuildFile; fileRef = D5C411D92EEACFF200DDB8C5 /* CategoryEnum.swift */; };
		D5C411DC2EEAD06300DDB8C5 /* CocktailsView.swift in Sources */ = {isa = PBXBuildFile; fileRef = D5C411DB2EEAD06300DDB8C5 /* CocktailsView.swift */; };
		D5C411DE2EEAD08500DDB8C5 /* CultureLessonsView.swift in Sources */ = {isa = PBXBuildFile; fileRef = D5C411DD2EEAD08500DDB8C5 /* CultureLessonsView.swift */; };
		D5C411E02EEAD08E00DDB8C5 /* PlacesView.swift in Sources */ = {isa = PBXBuildFile; fileRef = D5C411DF2EEAD08E00DDB8C5 /* PlacesView.swift */; };
		D5C411E22EEAD09800DDB8C5 /* HomeSessionsView.swift in Sources */ = {isa = PBXBuildFile; fileRef = D5C411E12EEAD09800DDB8C5 /* HomeSessionsView.swift */; };
		D5C411E42EEAD63100DDB8C5 /* CultureModel.swift in Sources */ = {isa = PBXBuildFile; fileRef = D5C411E32EEAD63100DDB8C5 /* CultureModel.swift */; };
		D5C411E62EEAD6D300DDB8C5 /* PlacesModel.swift in Sources */ = {isa = PBXBuildFile; fileRef = D5C411E52EEAD6D300DDB8C5 /* PlacesModel.swift */; };
		D5C411E82EEAD77100DDB8C5 /* HomeSessionModel.swift in Sources */ = {isa = PBXBuildFile; fileRef = D5C411E72EEAD77100DDB8C5 /* HomeSessionModel.swift */; };
		D5C411EA2EEAD7D200DDB8C5 /* GlobalConstant.swift in Sources */ = {isa = PBXBuildFile; fileRef = D5C411E92EEAD7D200DDB8C5 /* GlobalConstant.swift */; };
		D5C411EC2EEAE79D00DDB8C5 /* JourneyComponent.swift in Sources */ = {isa = PBXBuildFile; fileRef = D5C411EB2EEAE79D00DDB8C5 /* JourneyComponent.swift */; };
		D5C411EF2EEAE99B00DDB8C5 /* JourneyVM.swift in Sources */ = {isa = PBXBuildFile; fileRef = D5C411EE2EEAE99B00DDB8C5 /* JourneyVM.swift */; };
		D5C411F12EEAEC8B00DDB8C5 /* SingleCocktailView.swift in Sources */ = {isa = PBXBuildFile; fileRef = D5C411F02EEAEC8B00DDB8C5 /* SingleCocktailView.swift */; };
		D5C411F32EEAEC9700DDB8C5 /* SingleCultureLessonView.swift in Sources */ = {isa = PBXBuildFile; fileRef = D5C411F22EEAEC9700DDB8C5 /* SingleCultureLessonView.swift */; };
		D5C411F52EEAECA200DDB8C5 /* SinglePlaceView.swift in Sources */ = {isa = PBXBuildFile; fileRef = D5C411F42EEAECA200DDB8C5 /* SinglePlaceView.swift */; };
		D5C411F72EEAECAE00DDB8C5 /* SingleHomeSessionView.swift in Sources */ = {isa = PBXBuildFile; fileRef = D5C411F62EEAECAE00DDB8C5 /* SingleHomeSessionView.swift */; };
/* End PBXBuildFile section */

/* Begin PBXFileReference section */
		935EDB532EF07486003A1E96 /* ItemDetailsCardComponent.swift */ = {isa = PBXFileReference; lastKnownFileType = sourcecode.swift; path = ItemDetailsCardComponent.swift; sourceTree = "<group>"; };
		935EDB552EF09160003A1E96 /* SingleIconActionCategoryComponent.swift */ = {isa = PBXFileReference; lastKnownFileType = sourcecode.swift; path = SingleIconActionCategoryComponent.swift; sourceTree = "<group>"; };
		935EDB572EF0B944003A1E96 /* SearchView.swift */ = {isa = PBXFileReference; lastKnownFileType = sourcecode.swift; path = SearchView.swift; sourceTree = "<group>"; };
		935EDB5B2EF0B956003A1E96 /* HistoryView.swift */ = {isa = PBXFileReference; lastKnownFileType = sourcecode.swift; path = HistoryView.swift; sourceTree = "<group>"; };
		935EDB5D2EF0B95E003A1E96 /* StatView.swift */ = {isa = PBXFileReference; lastKnownFileType = sourcecode.swift; path = StatView.swift; sourceTree = "<group>"; };
		935EDB5F2EF0B9AE003A1E96 /* TabComponentEnum.swift */ = {isa = PBXFileReference; lastKnownFileType = sourcecode.swift; path = TabComponentEnum.swift; sourceTree = "<group>"; };
		935EDB612EF0BA23003A1E96 /* FavoritesView.swift */ = {isa = PBXFileReference; lastKnownFileType = sourcecode.swift; path = FavoritesView.swift; sourceTree = "<group>"; };
		935EDB632EF0BC1B003A1E96 /* TabBarNavigationComponent.swift */ = {isa = PBXFileReference; lastKnownFileType = sourcecode.swift; path = TabBarNavigationComponent.swift; sourceTree = "<group>"; };
		935EDB652EF0C244003A1E96 /* RootTabView.swift */ = {isa = PBXFileReference; lastKnownFileType = sourcecode.swift; path = RootTabView.swift; sourceTree = "<group>"; };
		936B96042EF3F909004B493F /* AboutAppView.swift */ = {isa = PBXFileReference; lastKnownFileType = sourcecode.swift; path = AboutAppView.swift; sourceTree = "<group>"; };
		93AAD3072EF1AE4200C1CC23 /* CoreDataSearchEntityVM.swift */ = {isa = PBXFileReference; lastKnownFileType = sourcecode.swift; path = CoreDataSearchEntityVM.swift; sourceTree = "<group>"; };
		93AAD3092EF1E55700C1CC23 /* SearchResultView.swift */ = {isa = PBXFileReference; lastKnownFileType = sourcecode.swift; path = SearchResultView.swift; sourceTree = "<group>"; };
		93AAD30B2EF1FA7D00C1CC23 /* SearchVM.swift */ = {isa = PBXFileReference; lastKnownFileType = sourcecode.swift; path = SearchVM.swift; sourceTree = "<group>"; };
		93B4D6E12EF4641B001A89B6 /* ExportUtility.swift */ = {isa = PBXFileReference; lastKnownFileType = sourcecode.swift; path = ExportUtility.swift; sourceTree = "<group>"; };
		93CD1C0F2EF414CF0000602F /* StoreKit.framework */ = {isa = PBXFileReference; lastKnownFileType = wrapper.framework; name = StoreKit.framework; path = System/Library/Frameworks/StoreKit.framework; sourceTree = SDKROOT; };
		93CD1C112EF415380000602F /* StoreKitConfigurationFile.storekit */ = {isa = PBXFileReference; lastKnownFileType = text; path = StoreKitConfigurationFile.storekit; sourceTree = "<group>"; };
		93CD1C132EF423740000602F /* PaywallComponent.swift */ = {isa = PBXFileReference; lastKnownFileType = sourcecode.swift; path = PaywallComponent.swift; sourceTree = "<group>"; };
		93CD1C152EF42D790000602F /* IAPManager.swift */ = {isa = PBXFileReference; lastKnownFileType = sourcecode.swift; path = IAPManager.swift; sourceTree = "<group>"; };
		93D1D8052EF31F77007C2893 /* CoreDataJournalVM.swift */ = {isa = PBXFileReference; lastKnownFileType = sourcecode.swift; path = CoreDataJournalVM.swift; sourceTree = "<group>"; };
		D510E59D2EEB34E100550779 /* SettingsView.swift */ = {isa = PBXFileReference; lastKnownFileType = sourcecode.swift; path = SettingsView.swift; sourceTree = "<group>"; };
		D510E59F2EEB398F00550779 /* TopBarNavigationComponent.swift */ = {isa = PBXFileReference; lastKnownFileType = sourcecode.swift; path = TopBarNavigationComponent.swift; sourceTree = "<group>"; };
		D510E5A22EEB3AAF00550779 /* DancingScript-Medium.ttf */ = {isa = PBXFileReference; lastKnownFileType = file; path = "DancingScript-Medium.ttf"; sourceTree = "<group>"; };
		D510E5A32EEB3AAF00550779 /* DancingScript-Regular.ttf */ = {isa = PBXFileReference; lastKnownFileType = file; path = "DancingScript-Regular.ttf"; sourceTree = "<group>"; };
		D510E5A62EEB3AF400550779 /* JosefinSans-Regular.ttf */ = {isa = PBXFileReference; lastKnownFileType = file; path = "JosefinSans-Regular.ttf"; sourceTree = "<group>"; };
		D510E5A72EEB3AF400550779 /* JosefinSans-Medium.ttf */ = {isa = PBXFileReference; lastKnownFileType = file; path = "JosefinSans-Medium.ttf"; sourceTree = "<group>"; };
		D510E5A82EEB3AF500550779 /* JosefinSans-Light.ttf */ = {isa = PBXFileReference; lastKnownFileType = file; path = "JosefinSans-Light.ttf"; sourceTree = "<group>"; };
		D510E5A92EEB3AF500550779 /* JosefinSans-Bold.ttf */ = {isa = PBXFileReference; lastKnownFileType = file; path = "JosefinSans-Bold.ttf"; sourceTree = "<group>"; };
		D510E5AA2EEB3AF500550779 /* JosefinSans-SemiBold.ttf */ = {isa = PBXFileReference; lastKnownFileType = file; path = "JosefinSans-SemiBold.ttf"; sourceTree = "<group>"; };
		D510E5B02EEB3B3700550779 /* Info.plist */ = {isa = PBXFileReference; lastKnownFileType = text.plist; path = Info.plist; sourceTree = "<group>"; };
		D510E5B12EEB3BEE00550779 /* FontEnum.swift */ = {isa = PBXFileReference; lastKnownFileType = sourcecode.swift; path = FontEnum.swift; sourceTree = "<group>"; };
		D510E5B32EEB414E00550779 /* DailyCategoryRecomendationComponent.swift */ = {isa = PBXFileReference; lastKnownFileType = sourcecode.swift; path = DailyCategoryRecomendationComponent.swift; sourceTree = "<group>"; };
		D510E5B52EEB421500550779 /* DailyRecomendationsVM.swift */ = {isa = PBXFileReference; lastKnownFileType = sourcecode.swift; path = DailyRecomendationsVM.swift; sourceTree = "<group>"; };
		D53383072EEC388F001FAE2A /* RecomendedTodayComponent.swift */ = {isa = PBXFileReference; lastKnownFileType = sourcecode.swift; path = RecomendedTodayComponent.swift; sourceTree = "<group>"; };
		D54A622F2EEC87D7000C902A /* journey_data.json */ = {isa = PBXFileReference; fileEncoding = 4; lastKnownFileType = text.json; path = journey_data.json; sourceTree = "<group>"; };
		D54A62312EECA664000C902A /* DoubleRowCardComponent.swift */ = {isa = PBXFileReference; lastKnownFileType = sourcecode.swift; path = DoubleRowCardComponent.swift; sourceTree = "<group>"; };
		D54A62342EECA6DF000C902A /* CoreDataSettings.swift */ = {isa = PBXFileReference; lastKnownFileType = sourcecode.swift; path = CoreDataSettings.swift; sourceTree = "<group>"; };
		D54A62362EECA740000C902A /* CoreDataUserProgressVM.swift */ = {isa = PBXFileReference; lastKnownFileType = sourcecode.swift; path = CoreDataUserProgressVM.swift; sourceTree = "<group>"; };
		D54A62382EECAC59000C902A /* JosefinSans-Italic.ttf */ = {isa = PBXFileReference; lastKnownFileType = file; path = "JosefinSans-Italic.ttf"; sourceTree = "<group>"; };
		D54A623A2EECB870000C902A /* SingleRowCardComponent.swift */ = {isa = PBXFileReference; lastKnownFileType = sourcecode.swift; path = SingleRowCardComponent.swift; sourceTree = "<group>"; };
		D57D06A42EEC670100D5DA67 /* JourneyDataLoader.swift */ = {isa = PBXFileReference; lastKnownFileType = sourcecode.swift; path = JourneyDataLoader.swift; sourceTree = "<group>"; };
		D5A4B1CF2EE9B3A70063B0AB /* CaBoApp.app */ = {isa = PBXFileReference; explicitFileType = wrapper.application; includeInIndex = 0; path = CaBoApp.app; sourceTree = BUILT_PRODUCTS_DIR; };
		D5A4B1D22EE9B3A70063B0AB /* CaBoAppApp.swift */ = {isa = PBXFileReference; lastKnownFileType = sourcecode.swift; path = CaBoAppApp.swift; sourceTree = "<group>"; };
		D5A4B1D62EE9B3A80063B0AB /* Assets.xcassets */ = {isa = PBXFileReference; lastKnownFileType = folder.assetcatalog; path = Assets.xcassets; sourceTree = "<group>"; };
		D5A4B1D92EE9B3A80063B0AB /* Preview Assets.xcassets */ = {isa = PBXFileReference; lastKnownFileType = folder.assetcatalog; path = "Preview Assets.xcassets"; sourceTree = "<group>"; };
		D5A4B1DE2EE9B3A80063B0AB /* CaBoApp.xcdatamodel */ = {isa = PBXFileReference; lastKnownFileType = wrapper.xcdatamodel; path = CaBoApp.xcdatamodel; sourceTree = "<group>"; };
		D5A4B1E72EE9B6830063B0AB /* PreloaderView.swift */ = {isa = PBXFileReference; lastKnownFileType = sourcecode.swift; path = PreloaderView.swift; sourceTree = "<group>"; };
		D5A4B1E92EE9B7450063B0AB /* OnboardingView.swift */ = {isa = PBXFileReference; lastKnownFileType = sourcecode.swift; path = OnboardingView.swift; sourceTree = "<group>"; };
		D5A4B1EB2EE9B74E0063B0AB /* MainScreenView.swift */ = {isa = PBXFileReference; lastKnownFileType = sourcecode.swift; path = MainScreenView.swift; sourceTree = "<group>"; };
		D5A4B1EF2EE9B7D00063B0AB /* OnboardingEnum.swift */ = {isa = PBXFileReference; lastKnownFileType = sourcecode.swift; path = OnboardingEnum.swift; sourceTree = "<group>"; };
		D5AD14D82EE9BDFD00C7A261 /* LinearGradientEnum.swift */ = {isa = PBXFileReference; lastKnownFileType = sourcecode.swift; path = LinearGradientEnum.swift; sourceTree = "<group>"; };
		D5AD14DA2EE9C38700C7A261 /* ColorEnum.swift */ = {isa = PBXFileReference; lastKnownFileType = sourcecode.swift; path = ColorEnum.swift; sourceTree = "<group>"; };
		D5AD14DC2EE9D37C00C7A261 /* IconEnum.swift */ = {isa = PBXFileReference; lastKnownFileType = sourcecode.swift; path = IconEnum.swift; sourceTree = "<group>"; };
		D5AD14DF2EE9DDBF00C7A261 /* LayoutExtension.swift */ = {isa = PBXFileReference; lastKnownFileType = sourcecode.swift; path = LayoutExtension.swift; sourceTree = "<group>"; };
		D5C411D12EEACD6400DDB8C5 /* CocktailModel.swift */ = {isa = PBXFileReference; lastKnownFileType = sourcecode.swift; path = CocktailModel.swift; sourceTree = "<group>"; };
		D5C411D32EEACEDB00DDB8C5 /* MoodEnum.swift */ = {isa = PBXFileReference; lastKnownFileType = sourcecode.swift; path = MoodEnum.swift; sourceTree = "<group>"; };
		D5C411D52EEACEFB00DDB8C5 /* DifficultyEnum.swift */ = {isa = PBXFileReference; lastKnownFileType = sourcecode.swift; path = DifficultyEnum.swift; sourceTree = "<group>"; };
		D5C411D72EEACF3F00DDB8C5 /* TimeForSessionEnum.swift */ = {isa = PBXFileReference; lastKnownFileType = sourcecode.swift; path = TimeForSessionEnum.swift; sourceTree = "<group>"; };
		D5C411D92EEACFF200DDB8C5 /* CategoryEnum.swift */ = {isa = PBXFileReference; lastKnownFileType = sourcecode.swift; path = CategoryEnum.swift; sourceTree = "<group>"; };
		D5C411DB2EEAD06300DDB8C5 /* CocktailsView.swift */ = {isa = PBXFileReference; lastKnownFileType = sourcecode.swift; path = CocktailsView.swift; sourceTree = "<group>"; };
		D5C411DD2EEAD08500DDB8C5 /* CultureLessonsView.swift */ = {isa = PBXFileReference; lastKnownFileType = sourcecode.swift; path = CultureLessonsView.swift; sourceTree = "<group>"; };
		D5C411DF2EEAD08E00DDB8C5 /* PlacesView.swift */ = {isa = PBXFileReference; lastKnownFileType = sourcecode.swift; path = PlacesView.swift; sourceTree = "<group>"; };
		D5C411E12EEAD09800DDB8C5 /* HomeSessionsView.swift */ = {isa = PBXFileReference; lastKnownFileType = sourcecode.swift; path = HomeSessionsView.swift; sourceTree = "<group>"; };
		D5C411E32EEAD63100DDB8C5 /* CultureModel.swift */ = {isa = PBXFileReference; lastKnownFileType = sourcecode.swift; path = CultureModel.swift; sourceTree = "<group>"; };
		D5C411E52EEAD6D300DDB8C5 /* PlacesModel.swift */ = {isa = PBXFileReference; lastKnownFileType = sourcecode.swift; path = PlacesModel.swift; sourceTree = "<group>"; };
		D5C411E72EEAD77100DDB8C5 /* HomeSessionModel.swift */ = {isa = PBXFileReference; lastKnownFileType = sourcecode.swift; path = HomeSessionModel.swift; sourceTree = "<group>"; };
		D5C411E92EEAD7D200DDB8C5 /* GlobalConstant.swift */ = {isa = PBXFileReference; lastKnownFileType = sourcecode.swift; path = GlobalConstant.swift; sourceTree = "<group>"; };
		D5C411EB2EEAE79D00DDB8C5 /* JourneyComponent.swift */ = {isa = PBXFileReference; lastKnownFileType = sourcecode.swift; path = JourneyComponent.swift; sourceTree = "<group>"; };
		D5C411EE2EEAE99B00DDB8C5 /* JourneyVM.swift */ = {isa = PBXFileReference; lastKnownFileType = sourcecode.swift; path = JourneyVM.swift; sourceTree = "<group>"; };
		D5C411F02EEAEC8B00DDB8C5 /* SingleCocktailView.swift */ = {isa = PBXFileReference; lastKnownFileType = sourcecode.swift; path = SingleCocktailView.swift; sourceTree = "<group>"; };
		D5C411F22EEAEC9700DDB8C5 /* SingleCultureLessonView.swift */ = {isa = PBXFileReference; lastKnownFileType = sourcecode.swift; path = SingleCultureLessonView.swift; sourceTree = "<group>"; };
		D5C411F42EEAECA200DDB8C5 /* SinglePlaceView.swift */ = {isa = PBXFileReference; lastKnownFileType = sourcecode.swift; path = SinglePlaceView.swift; sourceTree = "<group>"; };
		D5C411F62EEAECAE00DDB8C5 /* SingleHomeSessionView.swift */ = {isa = PBXFileReference; lastKnownFileType = sourcecode.swift; path = SingleHomeSessionView.swift; sourceTree = "<group>"; };
/* End PBXFileReference section */

/* Begin PBXFrameworksBuildPhase section */
		D5A4B1CC2EE9B3A70063B0AB /* Frameworks */ = {
			isa = PBXFrameworksBuildPhase;
			buildActionMask = 2147483647;
			files = (
				93CD1C102EF414CF0000602F /* StoreKit.framework in Frameworks */,
			);
			runOnlyForDeploymentPostprocessing = 0;
		};
/* End PBXFrameworksBuildPhase section */

/* Begin PBXGroup section */
		93B4D6E02EF4640B001A89B6 /* Service */ = {
			isa = PBXGroup;
			children = (
				93B4D6E12EF4641B001A89B6 /* ExportUtility.swift */,
			);
			path = Service;
			sourceTree = "<group>";
		};
		93CD1C0E2EF414CF0000602F /* Frameworks */ = {
			isa = PBXGroup;
			children = (
				93CD1C0F2EF414CF0000602F /* StoreKit.framework */,
			);
			name = Frameworks;
			sourceTree = "<group>";
		};
		D510E5A12EEB3AA000550779 /* SystemResources */ = {
			isa = PBXGroup;
			children = (
				D54A62382EECAC59000C902A /* JosefinSans-Italic.ttf */,
				D54A622F2EEC87D7000C902A /* journey_data.json */,
				D510E5A92EEB3AF500550779 /* JosefinSans-Bold.ttf */,
				D510E5A82EEB3AF500550779 /* JosefinSans-Light.ttf */,
				D510E5A72EEB3AF400550779 /* JosefinSans-Medium.ttf */,
				D510E5A62EEB3AF400550779 /* JosefinSans-Regular.ttf */,
				D510E5AA2EEB3AF500550779 /* JosefinSans-SemiBold.ttf */,
				D510E5A22EEB3AAF00550779 /* DancingScript-Medium.ttf */,
				D510E5A32EEB3AAF00550779 /* DancingScript-Regular.ttf */,
				93CD1C112EF415380000602F /* StoreKitConfigurationFile.storekit */,
			);
			path = SystemResources;
			sourceTree = "<group>";
		};
		D54A62332EECA6B5000C902A /* CoreData */ = {
			isa = PBXGroup;
			children = (
				D54A62342EECA6DF000C902A /* CoreDataSettings.swift */,
				D54A62362EECA740000C902A /* CoreDataUserProgressVM.swift */,
				93AAD3072EF1AE4200C1CC23 /* CoreDataSearchEntityVM.swift */,
				93D1D8052EF31F77007C2893 /* CoreDataJournalVM.swift */,
			);
			path = CoreData;
			sourceTree = "<group>";
		};
		D5A4B1C62EE9B3A70063B0AB = {
			isa = PBXGroup;
			children = (
				D5A4B1D12EE9B3A70063B0AB /* CaBoApp */,
				93CD1C0E2EF414CF0000602F /* Frameworks */,
				D5A4B1D02EE9B3A70063B0AB /* Products */,
			);
			sourceTree = "<group>";
		};
		D5A4B1D02EE9B3A70063B0AB /* Products */ = {
			isa = PBXGroup;
			children = (
				D5A4B1CF2EE9B3A70063B0AB /* CaBoApp.app */,
			);
			name = Products;
			sourceTree = "<group>";
		};
		D5A4B1D12EE9B3A70063B0AB /* CaBoApp */ = {
			isa = PBXGroup;
			children = (
				93B4D6E02EF4640B001A89B6 /* Service */,
				D510E5B02EEB3B3700550779 /* Info.plist */,
				D510E5A12EEB3AA000550779 /* SystemResources */,
				D5C411ED2EEAE98B00DDB8C5 /* ViewModel */,
				D5AD14DE2EE9DDB500C7A261 /* Extension */,
				D5A4B1ED2EE9B7BE0063B0AB /* Model */,
				D5A4B1E52EE9B6690063B0AB /* View */,
				D5A4B1D22EE9B3A70063B0AB /* CaBoAppApp.swift */,
				D5A4B1D62EE9B3A80063B0AB /* Assets.xcassets */,
				D5A4B1DD2EE9B3A80063B0AB /* CaBoApp.xcdatamodeld */,
				D5A4B1D82EE9B3A80063B0AB /* Preview Content */,
			);
			path = CaBoApp;
			sourceTree = "<group>";
		};
		D5A4B1D82EE9B3A80063B0AB /* Preview Content */ = {
			isa = PBXGroup;
			children = (
				D5A4B1D92EE9B3A80063B0AB /* Preview Assets.xcassets */,
			);
			path = "Preview Content";
			sourceTree = "<group>";
		};
		D5A4B1E52EE9B6690063B0AB /* View */ = {
			isa = PBXGroup;
			children = (
				D5A4B1E62EE9B66F0063B0AB /* Component */,
				D5A4B1E92EE9B7450063B0AB /* OnboardingView.swift */,
				D5A4B1EB2EE9B74E0063B0AB /* MainScreenView.swift */,
				D5C411DB2EEAD06300DDB8C5 /* CocktailsView.swift */,
				D5C411DD2EEAD08500DDB8C5 /* CultureLessonsView.swift */,
				D5C411DF2EEAD08E00DDB8C5 /* PlacesView.swift */,
				D5C411E12EEAD09800DDB8C5 /* HomeSessionsView.swift */,
				D5C411F02EEAEC8B00DDB8C5 /* SingleCocktailView.swift */,
				D5C411F22EEAEC9700DDB8C5 /* SingleCultureLessonView.swift */,
				D5C411F42EEAECA200DDB8C5 /* SinglePlaceView.swift */,
				D5C411F62EEAECAE00DDB8C5 /* SingleHomeSessionView.swift */,
				D510E59D2EEB34E100550779 /* SettingsView.swift */,
				935EDB572EF0B944003A1E96 /* SearchView.swift */,
				935EDB5B2EF0B956003A1E96 /* HistoryView.swift */,
				935EDB5D2EF0B95E003A1E96 /* StatView.swift */,
				935EDB612EF0BA23003A1E96 /* FavoritesView.swift */,
				935EDB652EF0C244003A1E96 /* RootTabView.swift */,
				93AAD3092EF1E55700C1CC23 /* SearchResultView.swift */,
				936B96042EF3F909004B493F /* AboutAppView.swift */,
			);
			path = View;
			sourceTree = "<group>";
		};
		D5A4B1E62EE9B66F0063B0AB /* Component */ = {
			isa = PBXGroup;
			children = (
				D5A4B1E72EE9B6830063B0AB /* PreloaderView.swift */,
				D5C411EB2EEAE79D00DDB8C5 /* JourneyComponent.swift */,
				D510E59F2EEB398F00550779 /* TopBarNavigationComponent.swift */,
				D510E5B32EEB414E00550779 /* DailyCategoryRecomendationComponent.swift */,
				D53383072EEC388F001FAE2A /* RecomendedTodayComponent.swift */,
				D54A62312EECA664000C902A /* DoubleRowCardComponent.swift */,
				D54A623A2EECB870000C902A /* SingleRowCardComponent.swift */,
				935EDB532EF07486003A1E96 /* ItemDetailsCardComponent.swift */,
				935EDB552EF09160003A1E96 /* SingleIconActionCategoryComponent.swift */,
				935EDB632EF0BC1B003A1E96 /* TabBarNavigationComponent.swift */,
				93CD1C132EF423740000602F /* PaywallComponent.swift */,
			);
			path = Component;
			sourceTree = "<group>";
		};
		D5A4B1ED2EE9B7BE0063B0AB /* Model */ = {
			isa = PBXGroup;
			children = (
				D5A4B1EE2EE9B7C30063B0AB /* EnumModel */,
				D5C411D12EEACD6400DDB8C5 /* CocktailModel.swift */,
				D5C411E32EEAD63100DDB8C5 /* CultureModel.swift */,
				D5C411E52EEAD6D300DDB8C5 /* PlacesModel.swift */,
				D5C411E72EEAD77100DDB8C5 /* HomeSessionModel.swift */,
				D5C411E92EEAD7D200DDB8C5 /* GlobalConstant.swift */,
			);
			path = Model;
			sourceTree = "<group>";
		};
		D5A4B1EE2EE9B7C30063B0AB /* EnumModel */ = {
			isa = PBXGroup;
			children = (
				D5A4B1EF2EE9B7D00063B0AB /* OnboardingEnum.swift */,
				D5AD14D82EE9BDFD00C7A261 /* LinearGradientEnum.swift */,
				D5AD14DA2EE9C38700C7A261 /* ColorEnum.swift */,
				D5AD14DC2EE9D37C00C7A261 /* IconEnum.swift */,
				D5C411D32EEACEDB00DDB8C5 /* MoodEnum.swift */,
				D5C411D52EEACEFB00DDB8C5 /* DifficultyEnum.swift */,
				D5C411D72EEACF3F00DDB8C5 /* TimeForSessionEnum.swift */,
				D5C411D92EEACFF200DDB8C5 /* CategoryEnum.swift */,
				D510E5B12EEB3BEE00550779 /* FontEnum.swift */,
				935EDB5F2EF0B9AE003A1E96 /* TabComponentEnum.swift */,
			);
			path = EnumModel;
			sourceTree = "<group>";
		};
		D5AD14DE2EE9DDB500C7A261 /* Extension */ = {
			isa = PBXGroup;
			children = (
				D5AD14DF2EE9DDBF00C7A261 /* LayoutExtension.swift */,
			);
			path = Extension;
			sourceTree = "<group>";
		};
		D5C411ED2EEAE98B00DDB8C5 /* ViewModel */ = {
			isa = PBXGroup;
			children = (
				D54A62332EECA6B5000C902A /* CoreData */,
				D5C411EE2EEAE99B00DDB8C5 /* JourneyVM.swift */,
				D510E5B52EEB421500550779 /* DailyRecomendationsVM.swift */,
				D57D06A42EEC670100D5DA67 /* JourneyDataLoader.swift */,
				93AAD30B2EF1FA7D00C1CC23 /* SearchVM.swift */,
				93CD1C152EF42D790000602F /* IAPManager.swift */,
			);
			path = ViewModel;
			sourceTree = "<group>";
		};
/* End PBXGroup section */

/* Begin PBXNativeTarget section */
		D5A4B1CE2EE9B3A70063B0AB /* CaBoApp */ = {
			isa = PBXNativeTarget;
			buildConfigurationList = D5A4B1E22EE9B3A80063B0AB /* Build configuration list for PBXNativeTarget "CaBoApp" */;
			buildPhases = (
				D5A4B1CB2EE9B3A70063B0AB /* Sources */,
				D5A4B1CC2EE9B3A70063B0AB /* Frameworks */,
				D5A4B1CD2EE9B3A70063B0AB /* Resources */,
			);
			buildRules = (
			);
			dependencies = (
			);
			name = CaBoApp;
			productName = CaBoApp;
			productReference = D5A4B1CF2EE9B3A70063B0AB /* CaBoApp.app */;
			productType = "com.apple.product-type.application";
		};
/* End PBXNativeTarget section */

/* Begin PBXProject section */
		D5A4B1C72EE9B3A70063B0AB /* Project object */ = {
			isa = PBXProject;
			attributes = {
				BuildIndependentTargetsInParallel = 1;
				LastSwiftUpdateCheck = 1420;
				LastUpgradeCheck = 1420;
				TargetAttributes = {
					D5A4B1CE2EE9B3A70063B0AB = {
						CreatedOnToolsVersion = 14.2;
					};
				};
			};
			buildConfigurationList = D5A4B1CA2EE9B3A70063B0AB /* Build configuration list for PBXProject "CaBoApp" */;
			compatibilityVersion = "Xcode 14.0";
			developmentRegion = en;
			hasScannedForEncodings = 0;
			knownRegions = (
				en,
				Base,
			);
			mainGroup = D5A4B1C62EE9B3A70063B0AB;
			productRefGroup = D5A4B1D02EE9B3A70063B0AB /* Products */;
			projectDirPath = "";
			projectRoot = "";
			targets = (
				D5A4B1CE2EE9B3A70063B0AB /* CaBoApp */,
			);
		};
/* End PBXProject section */

/* Begin PBXResourcesBuildPhase section */
		D5A4B1CD2EE9B3A70063B0AB /* Resources */ = {
			isa = PBXResourcesBuildPhase;
			buildActionMask = 2147483647;
			files = (
				D510E5A42EEB3AAF00550779 /* DancingScript-Medium.ttf in Resources */,
				D510E5AE2EEB3AF500550779 /* JosefinSans-Bold.ttf in Resources */,
				D510E5A52EEB3AAF00550779 /* DancingScript-Regular.ttf in Resources */,
				D5A4B1DA2EE9B3A80063B0AB /* Preview Assets.xcassets in Resources */,
				D54A62302EEC87D7000C902A /* journey_data.json in Resources */,
				D510E5AB2EEB3AF500550779 /* JosefinSans-Regular.ttf in Resources */,
				D54A62392EECAC5A000C902A /* JosefinSans-Italic.ttf in Resources */,
				D5A4B1D72EE9B3A80063B0AB /* Assets.xcassets in Resources */,
				93CD1C122EF415380000602F /* StoreKitConfigurationFile.storekit in Resources */,
				D510E5AC2EEB3AF500550779 /* JosefinSans-Medium.ttf in Resources */,
				D510E5AF2EEB3AF500550779 /* JosefinSans-SemiBold.ttf in Resources */,
				D510E5AD2EEB3AF500550779 /* JosefinSans-Light.ttf in Resources */,
			);
			runOnlyForDeploymentPostprocessing = 0;
		};
/* End PBXResourcesBuildPhase section */

/* Begin PBXSourcesBuildPhase section */
		D5A4B1CB2EE9B3A70063B0AB /* Sources */ = {
			isa = PBXSourcesBuildPhase;
			buildActionMask = 2147483647;
			files = (
				93CD1C162EF42D790000602F /* IAPManager.swift in Sources */,
				D5C411EC2EEAE79D00DDB8C5 /* JourneyComponent.swift in Sources */,
				D5C411F32EEAEC9700DDB8C5 /* SingleCultureLessonView.swift in Sources */,
				D5C411F52EEAECA200DDB8C5 /* SinglePlaceView.swift in Sources */,
				93D1D8062EF31F77007C2893 /* CoreDataJournalVM.swift in Sources */,
				D53383082EEC388F001FAE2A /* RecomendedTodayComponent.swift in Sources */,
				D5A4B1DF2EE9B3A80063B0AB /* CaBoApp.xcdatamodeld in Sources */,
				D5C411F12EEAEC8B00DDB8C5 /* SingleCocktailView.swift in Sources */,
				935EDB5C2EF0B956003A1E96 /* HistoryView.swift in Sources */,
				D5C411E42EEAD63100DDB8C5 /* CultureModel.swift in Sources */,
				93B4D6E22EF4641B001A89B6 /* ExportUtility.swift in Sources */,
				D57D06A52EEC670100D5DA67 /* JourneyDataLoader.swift in Sources */,
				935EDB642EF0BC1B003A1E96 /* TabBarNavigationComponent.swift in Sources */,
				935EDB5E2EF0B95E003A1E96 /* StatView.swift in Sources */,
				935EDB542EF07486003A1E96 /* ItemDetailsCardComponent.swift in Sources */,
				D5AD14D92EE9BDFD00C7A261 /* LinearGradientEnum.swift in Sources */,
				D5AD14DD2EE9D37C00C7A261 /* IconEnum.swift in Sources */,
				93AAD30C2EF1FA7D00C1CC23 /* SearchVM.swift in Sources */,
				D5AD14E02EE9DDBF00C7A261 /* LayoutExtension.swift in Sources */,
				935EDB602EF0B9AE003A1E96 /* TabComponentEnum.swift in Sources */,
				D5C411DE2EEAD08500DDB8C5 /* CultureLessonsView.swift in Sources */,
				D5A4B1EC2EE9B74E0063B0AB /* MainScreenView.swift in Sources */,
				935EDB582EF0B944003A1E96 /* SearchView.swift in Sources */,
				935EDB562EF09160003A1E96 /* SingleIconActionCategoryComponent.swift in Sources */,
				D5C411EA2EEAD7D200DDB8C5 /* GlobalConstant.swift in Sources */,
				D5C411D42EEACEDB00DDB8C5 /* MoodEnum.swift in Sources */,
				D5C411EF2EEAE99B00DDB8C5 /* JourneyVM.swift in Sources */,
				93CD1C142EF423740000602F /* PaywallComponent.swift in Sources */,
				D5C411F72EEAECAE00DDB8C5 /* SingleHomeSessionView.swift in Sources */,
				936B96052EF3F909004B493F /* AboutAppView.swift in Sources */,
				D510E59E2EEB34E100550779 /* SettingsView.swift in Sources */,
				D54A62372EECA740000C902A /* CoreDataUserProgressVM.swift in Sources */,
				D5C411D22EEACD6400DDB8C5 /* CocktailModel.swift in Sources */,
				D54A62322EECA664000C902A /* DoubleRowCardComponent.swift in Sources */,
				D5C411DC2EEAD06300DDB8C5 /* CocktailsView.swift in Sources */,
				D5A4B1EA2EE9B7450063B0AB /* OnboardingView.swift in Sources */,
				D5C411D82EEACF3F00DDB8C5 /* TimeForSessionEnum.swift in Sources */,
				D54A62352EECA6DF000C902A /* CoreDataSettings.swift in Sources */,
				D5C411D62EEACEFB00DDB8C5 /* DifficultyEnum.swift in Sources */,
				D510E5B22EEB3BEE00550779 /* FontEnum.swift in Sources */,
				93AAD3082EF1AE4200C1CC23 /* CoreDataSearchEntityVM.swift in Sources */,
				935EDB622EF0BA23003A1E96 /* FavoritesView.swift in Sources */,
				D5C411E02EEAD08E00DDB8C5 /* PlacesView.swift in Sources */,
				D510E5B62EEB421500550779 /* DailyRecomendationsVM.swift in Sources */,
				D510E5A02EEB398F00550779 /* TopBarNavigationComponent.swift in Sources */,
				D54A623B2EECB870000C902A /* SingleRowCardComponent.swift in Sources */,
				935EDB662EF0C244003A1E96 /* RootTabView.swift in Sources */,
				D5A4B1F02EE9B7D00063B0AB /* OnboardingEnum.swift in Sources */,
				D5A4B1D32EE9B3A70063B0AB /* CaBoAppApp.swift in Sources */,
				D5AD14DB2EE9C38700C7A261 /* ColorEnum.swift in Sources */,
				D5A4B1E82EE9B6830063B0AB /* PreloaderView.swift in Sources */,
				D510E5B42EEB414E00550779 /* DailyCategoryRecomendationComponent.swift in Sources */,
				93AAD30A2EF1E55700C1CC23 /* SearchResultView.swift in Sources */,
				D5C411E22EEAD09800DDB8C5 /* HomeSessionsView.swift in Sources */,
				D5C411E82EEAD77100DDB8C5 /* HomeSessionModel.swift in Sources */,
				D5C411DA2EEACFF200DDB8C5 /* CategoryEnum.swift in Sources */,
				D5C411E62EEAD6D300DDB8C5 /* PlacesModel.swift in Sources */,
			);
			runOnlyForDeploymentPostprocessing = 0;
		};
/* End PBXSourcesBuildPhase section */

/* Begin XCBuildConfiguration section */
		D5A4B1E02EE9B3A80063B0AB /* Debug */ = {
			isa = XCBuildConfiguration;
			buildSettings = {
				ALWAYS_SEARCH_USER_PATHS = NO;
				CLANG_ANALYZER_NONNULL = YES;
				CLANG_ANALYZER_NUMBER_OBJECT_CONVERSION = YES_AGGRESSIVE;
				CLANG_CXX_LANGUAGE_STANDARD = "gnu++20";
				CLANG_ENABLE_MODULES = YES;
				CLANG_ENABLE_OBJC_ARC = YES;
				CLANG_ENABLE_OBJC_WEAK = YES;
				CLANG_WARN_BLOCK_CAPTURE_AUTORELEASING = YES;
				CLANG_WARN_BOOL_CONVERSION = YES;
				CLANG_WARN_COMMA = YES;
				CLANG_WARN_CONSTANT_CONVERSION = YES;
				CLANG_WARN_DEPRECATED_OBJC_IMPLEMENTATIONS = YES;
				CLANG_WARN_DIRECT_OBJC_ISA_USAGE = YES_ERROR;
				CLANG_WARN_DOCUMENTATION_COMMENTS = YES;
				CLANG_WARN_EMPTY_BODY = YES;
				CLANG_WARN_ENUM_CONVERSION = YES;
				CLANG_WARN_INFINITE_RECURSION = YES;
				CLANG_WARN_INT_CONVERSION = YES;
				CLANG_WARN_NON_LITERAL_NULL_CONVERSION = YES;
				CLANG_WARN_OBJC_IMPLICIT_RETAIN_SELF = YES;
				CLANG_WARN_OBJC_LITERAL_CONVERSION = YES;
				CLANG_WARN_OBJC_ROOT_CLASS = YES_ERROR;
				CLANG_WARN_QUOTED_INCLUDE_IN_FRAMEWORK_HEADER = YES;
				CLANG_WARN_RANGE_LOOP_ANALYSIS = YES;
				CLANG_WARN_STRICT_PROTOTYPES = YES;
				CLANG_WARN_SUSPICIOUS_MOVE = YES;
				CLANG_WARN_UNGUARDED_AVAILABILITY = YES_AGGRESSIVE;
				CLANG_WARN_UNREACHABLE_CODE = YES;
				CLANG_WARN__DUPLICATE_METHOD_MATCH = YES;
				COPY_PHASE_STRIP = NO;
				DEBUG_INFORMATION_FORMAT = dwarf;
				ENABLE_STRICT_OBJC_MSGSEND = YES;
				ENABLE_TESTABILITY = YES;
				GCC_C_LANGUAGE_STANDARD = gnu11;
				GCC_DYNAMIC_NO_PIC = NO;
				GCC_NO_COMMON_BLOCKS = YES;
				GCC_OPTIMIZATION_LEVEL = 0;
				GCC_PREPROCESSOR_DEFINITIONS = (
					"DEBUG=1",
					"$(inherited)",
				);
				GCC_WARN_64_TO_32_BIT_CONVERSION = YES;
				GCC_WARN_ABOUT_RETURN_TYPE = YES_ERROR;
				GCC_WARN_UNDECLARED_SELECTOR = YES;
				GCC_WARN_UNINITIALIZED_AUTOS = YES_AGGRESSIVE;
				GCC_WARN_UNUSED_FUNCTION = YES;
				GCC_WARN_UNUSED_VARIABLE = YES;
				IPHONEOS_DEPLOYMENT_TARGET = 16.2;
				MTL_ENABLE_DEBUG_INFO = INCLUDE_SOURCE;
				MTL_FAST_MATH = YES;
				ONLY_ACTIVE_ARCH = YES;
				SDKROOT = iphoneos;
				SWIFT_ACTIVE_COMPILATION_CONDITIONS = DEBUG;
				SWIFT_OPTIMIZATION_LEVEL = "-Onone";
			};
			name = Debug;
		};
		D5A4B1E12EE9B3A80063B0AB /* Release */ = {
			isa = XCBuildConfiguration;
			buildSettings = {
				ALWAYS_SEARCH_USER_PATHS = NO;
				CLANG_ANALYZER_NONNULL = YES;
				CLANG_ANALYZER_NUMBER_OBJECT_CONVERSION = YES_AGGRESSIVE;
				CLANG_CXX_LANGUAGE_STANDARD = "gnu++20";
				CLANG_ENABLE_MODULES = YES;
				CLANG_ENABLE_OBJC_ARC = YES;
				CLANG_ENABLE_OBJC_WEAK = YES;
				CLANG_WARN_BLOCK_CAPTURE_AUTORELEASING = YES;
				CLANG_WARN_BOOL_CONVERSION = YES;
				CLANG_WARN_COMMA = YES;
				CLANG_WARN_CONSTANT_CONVERSION = YES;
				CLANG_WARN_DEPRECATED_OBJC_IMPLEMENTATIONS = YES;
				CLANG_WARN_DIRECT_OBJC_ISA_USAGE = YES_ERROR;
				CLANG_WARN_DOCUMENTATION_COMMENTS = YES;
				CLANG_WARN_EMPTY_BODY = YES;
				CLANG_WARN_ENUM_CONVERSION = YES;
				CLANG_WARN_INFINITE_RECURSION = YES;
				CLANG_WARN_INT_CONVERSION = YES;
				CLANG_WARN_NON_LITERAL_NULL_CONVERSION = YES;
				CLANG_WARN_OBJC_IMPLICIT_RETAIN_SELF = YES;
				CLANG_WARN_OBJC_LITERAL_CONVERSION = YES;
				CLANG_WARN_OBJC_ROOT_CLASS = YES_ERROR;
				CLANG_WARN_QUOTED_INCLUDE_IN_FRAMEWORK_HEADER = YES;
				CLANG_WARN_RANGE_LOOP_ANALYSIS = YES;
				CLANG_WARN_STRICT_PROTOTYPES = YES;
				CLANG_WARN_SUSPICIOUS_MOVE = YES;
				CLANG_WARN_UNGUARDED_AVAILABILITY = YES_AGGRESSIVE;
				CLANG_WARN_UNREACHABLE_CODE = YES;
				CLANG_WARN__DUPLICATE_METHOD_MATCH = YES;
				COPY_PHASE_STRIP = NO;
				DEBUG_INFORMATION_FORMAT = "dwarf-with-dsym";
				ENABLE_NS_ASSERTIONS = NO;
				ENABLE_STRICT_OBJC_MSGSEND = YES;
				GCC_C_LANGUAGE_STANDARD = gnu11;
				GCC_NO_COMMON_BLOCKS = YES;
				GCC_WARN_64_TO_32_BIT_CONVERSION = YES;
				GCC_WARN_ABOUT_RETURN_TYPE = YES_ERROR;
				GCC_WARN_UNDECLARED_SELECTOR = YES;
				GCC_WARN_UNINITIALIZED_AUTOS = YES_AGGRESSIVE;
				GCC_WARN_UNUSED_FUNCTION = YES;
				GCC_WARN_UNUSED_VARIABLE = YES;
				IPHONEOS_DEPLOYMENT_TARGET = 16.2;
				MTL_ENABLE_DEBUG_INFO = NO;
				MTL_FAST_MATH = YES;
				SDKROOT = iphoneos;
				SWIFT_COMPILATION_MODE = wholemodule;
				SWIFT_OPTIMIZATION_LEVEL = "-O";
				VALIDATE_PRODUCT = YES;
			};
			name = Release;
		};
		D5A4B1E32EE9B3A80063B0AB /* Debug */ = {
			isa = XCBuildConfiguration;
			buildSettings = {
				ASSETCATALOG_COMPILER_APPICON_NAME = AppIcon;
				ASSETCATALOG_COMPILER_GLOBAL_ACCENT_COLOR_NAME = AccentColor;
				CODE_SIGN_STYLE = Automatic;
				CURRENT_PROJECT_VERSION = 1;
				DEVELOPMENT_ASSET_PATHS = "\"CaBoApp/Preview Content\"";
				DEVELOPMENT_TEAM = 665W8JZLV8;
				ENABLE_PREVIEWS = YES;
				GENERATE_INFOPLIST_FILE = YES;
				INFOPLIST_FILE = CaBoApp/Info.plist;
				INFOPLIST_KEY_UIApplicationSceneManifest_Generation = YES;
				INFOPLIST_KEY_UIApplicationSupportsIndirectInputEvents = YES;
				INFOPLIST_KEY_UILaunchScreen_Generation = YES;
				INFOPLIST_KEY_UISupportedInterfaceOrientations = UIInterfaceOrientationPortrait;
				IPHONEOS_DEPLOYMENT_TARGET = 14;
				LD_RUNPATH_SEARCH_PATHS = (
					"$(inherited)",
					"@executable_path/Frameworks",
				);
				MARKETING_VERSION = 1.0;
				PRODUCT_BUNDLE_IDENTIFIER = "rocket-website.CaBoApp";
				PRODUCT_NAME = "$(TARGET_NAME)";
				SUPPORTED_PLATFORMS = "iphoneos iphonesimulator";
				SUPPORTS_MACCATALYST = NO;
				SUPPORTS_MAC_DESIGNED_FOR_IPHONE_IPAD = NO;
				SWIFT_EMIT_LOC_STRINGS = YES;
				SWIFT_VERSION = 5.0;
				TARGETED_DEVICE_FAMILY = "1,2";
			};
			name = Debug;
		};
		D5A4B1E42EE9B3A80063B0AB /* Release */ = {
			isa = XCBuildConfiguration;
			buildSettings = {
				ASSETCATALOG_COMPILER_APPICON_NAME = AppIcon;
				ASSETCATALOG_COMPILER_GLOBAL_ACCENT_COLOR_NAME = AccentColor;
				CODE_SIGN_STYLE = Automatic;
				CURRENT_PROJECT_VERSION = 1;
				DEVELOPMENT_ASSET_PATHS = "\"CaBoApp/Preview Content\"";
				DEVELOPMENT_TEAM = 665W8JZLV8;
				ENABLE_PREVIEWS = YES;
				GENERATE_INFOPLIST_FILE = YES;
				INFOPLIST_FILE = CaBoApp/Info.plist;
				INFOPLIST_KEY_UIApplicationSceneManifest_Generation = YES;
				INFOPLIST_KEY_UIApplicationSupportsIndirectInputEvents = YES;
				INFOPLIST_KEY_UILaunchScreen_Generation = YES;
				INFOPLIST_KEY_UISupportedInterfaceOrientations = UIInterfaceOrientationPortrait;
				IPHONEOS_DEPLOYMENT_TARGET = 14;
				LD_RUNPATH_SEARCH_PATHS = (
					"$(inherited)",
					"@executable_path/Frameworks",
				);
				MARKETING_VERSION = 1.0;
				PRODUCT_BUNDLE_IDENTIFIER = "rocket-website.CaBoApp";
				PRODUCT_NAME = "$(TARGET_NAME)";
				SUPPORTED_PLATFORMS = "iphoneos iphonesimulator";
				SUPPORTS_MACCATALYST = NO;
				SUPPORTS_MAC_DESIGNED_FOR_IPHONE_IPAD = NO;
				SWIFT_EMIT_LOC_STRINGS = YES;
				SWIFT_VERSION = 5.0;
				TARGETED_DEVICE_FAMILY = "1,2";
			};
			name = Release;
		};
/* End XCBuildConfiguration section */

/* Begin XCConfigurationList section */
		D5A4B1CA2EE9B3A70063B0AB /* Build configuration list for PBXProject "CaBoApp" */ = {
			isa = XCConfigurationList;
			buildConfigurations = (
				D5A4B1E02EE9B3A80063B0AB /* Debug */,
				D5A4B1E12EE9B3A80063B0AB /* Release */,
			);
			defaultConfigurationIsVisible = 0;
			defaultConfigurationName = Release;
		};
		D5A4B1E22EE9B3A80063B0AB /* Build configuration list for PBXNativeTarget "CaBoApp" */ = {
			isa = XCConfigurationList;
			buildConfigurations = (
				D5A4B1E32EE9B3A80063B0AB /* Debug */,
				D5A4B1E42EE9B3A80063B0AB /* Release */,
			);
			defaultConfigurationIsVisible = 0;
			defaultConfigurationName = Release;
		};
/* End XCConfigurationList section */

/* Begin XCVersionGroup section */
		D5A4B1DD2EE9B3A80063B0AB /* CaBoApp.xcdatamodeld */ = {
			isa = XCVersionGroup;
			children = (
				D5A4B1DE2EE9B3A80063B0AB /* CaBoApp.xcdatamodel */,
			);
			currentVersion = D5A4B1DE2EE9B3A80063B0AB /* CaBoApp.xcdatamodel */;
			path = CaBoApp.xcdatamodeld;
			sourceTree = "<group>";
			versionGroupType = wrapper.xcdatamodel;
		};
/* End XCVersionGroup section */
	};
	rootObject = D5A4B1C72EE9B3A70063B0AB /* Project object */;
}
